
Microsoft Visual Studio Solution File, Format Version 12.00
# Visual Studio 15
VisualStudioVersion = 15.0.26730.16
MinimumVisualStudioVersion = 10.0.40219.1
Project("{FAE04EC0-301F-11D3-BF4B-00C04F79EFBC}") = "SEPApp", "SEPApp\SEPApp.csproj", "{321529C3-2193-43DF-8D99-20C296ABE23C}"
EndProject
Project("{FAE04EC0-301F-11D3-BF4B-00C04F79EFBC}") = "SEPApp.Tests", "SEPApp.Tests\SEPApp.Tests.csproj", "{434BDED7-8F60-4EAD-843B-66A33F2F6989}"
EndProject
Global
	GlobalSection(SolutionConfigurationPlatforms) = preSolution
		Debug|Any CPU = Debug|Any CPU
		Release|Any CPU = Release|Any CPU
	EndGlobalSection
	GlobalSection(ProjectConfigurationPlatforms) = postSolution
		{321529C3-2193-43DF-8D99-20C296ABE23C}.Debug|Any CPU.ActiveCfg = Debug|Any CPU
		{321529C3-2193-43DF-8D99-20C296ABE23C}.Debug|Any CPU.Build.0 = Debug|Any CPU
		{321529C3-2193-43DF-8D99-20C296ABE23C}.Release|Any CPU.ActiveCfg = Release|Any CPU
		{321529C3-2193-43DF-8D99-20C296ABE23C}.Release|Any CPU.Build.0 = Release|Any CPU
		{434BDED7-8F60-4EAD-843B-66A33F2F6989}.Debug|Any CPU.ActiveCfg = Debug|Any CPU
		{434BDED7-8F60-4EAD-843B-66A33F2F6989}.Debug|Any CPU.Build.0 = Debug|Any CPU
		{434BDED7-8F60-4EAD-843B-66A33F2F6989}.Release|Any CPU.ActiveCfg = Release|Any CPU
		{434BDED7-8F60-4EAD-843B-66A33F2F6989}.Release|Any CPU.Build.0 = Release|Any CPU
	EndGlobalSection
	GlobalSection(SolutionProperties) = preSolution
		HideSolutionNode = FALSE
	EndGlobalSection
	GlobalSection(ExtensibilityGlobals) = postSolution
		SolutionGuid = {145ED656-3C03-4F19-8547-868FD7F7739C}
	EndGlobalSection
EndGlobal
